{"1.1.0",
[{<<"erlavro">>,{pkg,<<"erlavro">>,<<"2.6.1">>},0},
 {<<"jsone">>,{pkg,<<"jsone">>,<<"1.4.3">>},1}]}.
[
{pkg_hash,[
 {<<"erlavro">>, <<"A7FE8ED3A553AE904446A5258B8AE17C6F7DBB2C47B6B619DFDF4BD14D776677">>},
 {<<"jsone">>, <<"6D5F802136249E64F9D4997043B13355C6EAC314217DC3B19BF3677E351A0641">>}]}
].
