{"1.1.0",
[{<<"erlavro">>,{pkg,<<"erlavro">>,<<"2.5.0">>},0},
 {<<"jsone">>,{pkg,<<"jsone">>,<<"1.4.3">>},1}]}.
[
{pkg_hash,[
 {<<"erlavro">>, <<"46D3AEC160776AEA309A4514408E3A8F33795BE32F68DA97C857AF04CE3EE9B6">>},
 {<<"jsone">>, <<"6D5F802136249E64F9D4997043B13355C6EAC314217DC3B19BF3677E351A0641">>}]}
].
